
Microsoft Visual Studio Solution File, Format Version 12.00
# Visual Studio 15
Project("{FAE04EC0-301F-11D3-BF4B-00C04F79EFBC}") = "Assembly-CSharp", "Assembly-CSharp.csproj", "{511FA2CF-70FB-3D7D-FD0C-3DE8D049ACCC}"
EndProject
Project("{FAE04EC0-301F-11D3-BF4B-00C04F79EFBC}") = "Assembly-CSharp-Editor", "Assembly-CSharp-Editor.csproj", "{6755E8F6-4B14-C938-9DDA-6BB252DC7B23}"
EndProject
Global
	GlobalSection(SolutionConfigurationPlatforms) = preSolution
		Debug|Any CPU = Debug|Any CPU
		Release|Any CPU = Release|Any CPU
	EndGlobalSection
	GlobalSection(ProjectConfigurationPlatforms) = postSolution
		{511FA2CF-70FB-3D7D-FD0C-3DE8D049ACCC}.Debug|Any CPU.ActiveCfg = Debug|Any CPU
		{511FA2CF-70FB-3D7D-FD0C-3DE8D049ACCC}.Debug|Any CPU.Build.0 = Debug|Any CPU
		{511FA2CF-70FB-3D7D-FD0C-3DE8D049ACCC}.Release|Any CPU.ActiveCfg = Release|Any CPU
		{511FA2CF-70FB-3D7D-FD0C-3DE8D049ACCC}.Release|Any CPU.Build.0 = Release|Any CPU
		{6755E8F6-4B14-C938-9DDA-6BB252DC7B23}.Debug|Any CPU.ActiveCfg = Debug|Any CPU
		{6755E8F6-4B14-C938-9DDA-6BB252DC7B23}.Debug|Any CPU.Build.0 = Debug|Any CPU
		{6755E8F6-4B14-C938-9DDA-6BB252DC7B23}.Release|Any CPU.ActiveCfg = Release|Any CPU
		{6755E8F6-4B14-C938-9DDA-6BB252DC7B23}.Release|Any CPU.Build.0 = Release|Any CPU
	EndGlobalSection
	GlobalSection(SolutionProperties) = preSolution
		HideSolutionNode = FALSE
	EndGlobalSection
EndGlobal
